
Microsoft Visual Studio Solution File, Format Version 12.00
# Visual Studio Version 16
VisualStudioVersion = 16.0.32106.194
MinimumVisualStudioVersion = 10.0.40219.1
Project("{FAE04EC0-301F-11D3-BF4B-00C04F79EFBC}") = "HyperZero_GameServer", "HyperZero_GameServer\HyperZero_GameServer.csproj", "{BB600902-A7BA-4119-9533-5A1C314256ED}"
EndProject
Global
	GlobalSection(SolutionConfigurationPlatforms) = preSolution
		Debug|Any CPU = Debug|Any CPU
		Release|Any CPU = Release|Any CPU
	EndGlobalSection
	GlobalSection(ProjectConfigurationPlatforms) = postSolution
		{BB600902-A7BA-4119-9533-5A1C314256ED}.Debug|Any CPU.ActiveCfg = Debug|Any CPU
		{BB600902-A7BA-4119-9533-5A1C314256ED}.Debug|Any CPU.Build.0 = Debug|Any CPU
		{BB600902-A7BA-4119-9533-5A1C314256ED}.Release|Any CPU.ActiveCfg = Release|Any CPU
		{BB600902-A7BA-4119-9533-5A1C314256ED}.Release|Any CPU.Build.0 = Release|Any CPU
	EndGlobalSection
	GlobalSection(SolutionProperties) = preSolution
		HideSolutionNode = FALSE
	EndGlobalSection
	GlobalSection(ExtensibilityGlobals) = postSolution
		SolutionGuid = {A6EBB6C6-BDCD-4230-A379-183BF787E13C}
	EndGlobalSection
EndGlobal
